
Microsoft Visual Studio Solution File, Format Version 12.00
# Visual Studio Version 17
VisualStudioVersion = 17.13.35818.85 d17.13
MinimumVisualStudioVersion = 10.0.40219.1
Project("{FAE04EC0-301F-11D3-BF4B-00C04F79EFBC}") = "Class_03_and_04_Homework", "Class_03_and_04_Homework\Class_03_and_04_Homework.csproj", "{DF194E05-069D-471A-A7C0-965FB452F51C}"
EndProject
Project("{FAE04EC0-301F-11D3-BF4B-00C04F79EFBC}") = "Class_03_and_04_Homework.Domain", "Class_03_and_04_Homework.Domain\Class_03_and_04_Homework.Domain.csproj", "{20360D12-763E-40E9-A2D2-8F14F7DD7D05}"
EndProject
Global
	GlobalSection(SolutionConfigurationPlatforms) = preSolution
		Debug|Any CPU = Debug|Any CPU
		Release|Any CPU = Release|Any CPU
	EndGlobalSection
	GlobalSection(ProjectConfigurationPlatforms) = postSolution
		{DF194E05-069D-471A-A7C0-965FB452F51C}.Debug|Any CPU.ActiveCfg = Debug|Any CPU
		{DF194E05-069D-471A-A7C0-965FB452F51C}.Debug|Any CPU.Build.0 = Debug|Any CPU
		{DF194E05-069D-471A-A7C0-965FB452F51C}.Release|Any CPU.ActiveCfg = Release|Any CPU
		{DF194E05-069D-471A-A7C0-965FB452F51C}.Release|Any CPU.Build.0 = Release|Any CPU
		{20360D12-763E-40E9-A2D2-8F14F7DD7D05}.Debug|Any CPU.ActiveCfg = Debug|Any CPU
		{20360D12-763E-40E9-A2D2-8F14F7DD7D05}.Debug|Any CPU.Build.0 = Debug|Any CPU
		{20360D12-763E-40E9-A2D2-8F14F7DD7D05}.Release|Any CPU.ActiveCfg = Release|Any CPU
		{20360D12-763E-40E9-A2D2-8F14F7DD7D05}.Release|Any CPU.Build.0 = Release|Any CPU
	EndGlobalSection
	GlobalSection(SolutionProperties) = preSolution
		HideSolutionNode = FALSE
	EndGlobalSection
	GlobalSection(ExtensibilityGlobals) = postSolution
		SolutionGuid = {2B89C859-C393-4F78-A64D-EF9C71C0D00F}
	EndGlobalSection
EndGlobal
